
Microsoft Visual Studio Solution File, Format Version 11.00
# Visual C# Express 2010
Project("{FAE04EC0-301F-11D3-BF4B-00C04F79EFBC}") = "MAS345_GUI", "MAS345_GUI\MAS345_GUI.csproj", "{D4E820EA-CF95-45CF-B0B4-61FC41CD9FCD}"
EndProject
Global
	GlobalSection(SolutionConfigurationPlatforms) = preSolution
		Debug|x86 = Debug|x86
		Release|x86 = Release|x86
	EndGlobalSection
	GlobalSection(ProjectConfigurationPlatforms) = postSolution
		{D4E820EA-CF95-45CF-B0B4-61FC41CD9FCD}.Debug|x86.ActiveCfg = Debug|x86
		{D4E820EA-CF95-45CF-B0B4-61FC41CD9FCD}.Debug|x86.Build.0 = Debug|x86
		{D4E820EA-CF95-45CF-B0B4-61FC41CD9FCD}.Release|x86.ActiveCfg = Release|x86
		{D4E820EA-CF95-45CF-B0B4-61FC41CD9FCD}.Release|x86.Build.0 = Release|x86
	EndGlobalSection
	GlobalSection(SolutionProperties) = preSolution
		HideSolutionNode = FALSE
	EndGlobalSection
EndGlobal
